
Microsoft Visual Studio Solution File, Format Version 12.00
# Visual Studio Version 17
VisualStudioVersion = 17.9.34728.123
MinimumVisualStudioVersion = 10.0.40219.1
Project("{FAE04EC0-301F-11D3-BF4B-00C04F79EFBC}") = "NewHubstaff", "NewHubstaff\NewHubstaff.csproj", "{B7282907-F76F-4E4F-BF5F-2C7410C27B74}"
EndProject
Global
	GlobalSection(SolutionConfigurationPlatforms) = preSolution
		Debug|Any CPU = Debug|Any CPU
		Release|Any CPU = Release|Any CPU
	EndGlobalSection
	GlobalSection(ProjectConfigurationPlatforms) = postSolution
		{B7282907-F76F-4E4F-BF5F-2C7410C27B74}.Debug|Any CPU.ActiveCfg = Debug|Any CPU
		{B7282907-F76F-4E4F-BF5F-2C7410C27B74}.Debug|Any CPU.Build.0 = Debug|Any CPU
		{B7282907-F76F-4E4F-BF5F-2C7410C27B74}.Release|Any CPU.ActiveCfg = Release|Any CPU
		{B7282907-F76F-4E4F-BF5F-2C7410C27B74}.Release|Any CPU.Build.0 = Release|Any CPU
	EndGlobalSection
	GlobalSection(SolutionProperties) = preSolution
		HideSolutionNode = FALSE
	EndGlobalSection
	GlobalSection(ExtensibilityGlobals) = postSolution
		SolutionGuid = {47778919-69A5-4CEF-9E7C-525D9ADC83E9}
	EndGlobalSection
EndGlobal
